
Microsoft Visual Studio Solution File, Format Version 12.00
Project("{FAE04EC0-301F-11D3-BF4B-00C04F79EFBC}") = "Domain", "src\Domain\Domain.csproj", "{4C346634-8EDD-4BAC-A4BF-C7CD4FDD659D}"
EndProject
Project("{FAE04EC0-301F-11D3-BF4B-00C04F79EFBC}") = "Application", "src\Application\Application.csproj", "{B9BD76A4-0D78-4E57-AD3B-D58090FA9BAB}"
EndProject
Project("{FAE04EC0-301F-11D3-BF4B-00C04F79EFBC}") = "Infrastructure", "src\Infrastructure\Infrastructure.csproj", "{C4CA0F8D-31F3-4263-8B6D-26264937C544}"
EndProject
Project("{FAE04EC0-301F-11D3-BF4B-00C04F79EFBC}") = "Api", "src\Api\Api.csproj", "{71B5F233-42FA-4C05-B391-1BFF91A57C2E}"
EndProject
Project("{2150E333-8FDC-42A3-9474-1A3956D46DE8}") = "tests", "tests", "{0AB3BF05-4346-4AA6-1389-037BE0695223}"
EndProject
Project("{FAE04EC0-301F-11D3-BF4B-00C04F79EFBC}") = "Domain.Test", "tests\Domain.Test\Domain.Test.csproj", "{71DD3103-EC9C-4919-8DD4-E3272AE773E6}"
EndProject
Project("{2150E333-8FDC-42A3-9474-1A3956D46DE8}") = "src", "src", "{827E0CD3-B72D-47B6-A68D-7590B98EB39B}"
EndProject
Project("{FAE04EC0-301F-11D3-BF4B-00C04F79EFBC}") = "Application.Test", "tests\Application.Test\Application.Test.csproj", "{1AC0C091-927B-4121-9FAD-81058DDB9E0C}"
EndProject
Project("{FAE04EC0-301F-11D3-BF4B-00C04F79EFBC}") = "Infrastructure.Test", "tests\Infrastructure.Test\Infrastructure.Test.csproj", "{AC669175-F849-4677-8D75-A4A6BCEAB4A6}"
EndProject
Project("{FAE04EC0-301F-11D3-BF4B-00C04F79EFBC}") = "Api.Test", "tests\Api.Test\Api.Test.csproj", "{96CB61E6-38D2-4B8D-B79F-BDE0B6735D57}"
EndProject
Global
	GlobalSection(SolutionConfigurationPlatforms) = preSolution
		Debug|Any CPU = Debug|Any CPU
		Debug|x64 = Debug|x64
		Debug|x86 = Debug|x86
		Release|Any CPU = Release|Any CPU
		Release|x64 = Release|x64
		Release|x86 = Release|x86
	EndGlobalSection
	GlobalSection(ProjectConfigurationPlatforms) = postSolution
		{4C346634-8EDD-4BAC-A4BF-C7CD4FDD659D}.Debug|Any CPU.ActiveCfg = Debug|Any CPU
		{4C346634-8EDD-4BAC-A4BF-C7CD4FDD659D}.Debug|Any CPU.Build.0 = Debug|Any CPU
		{4C346634-8EDD-4BAC-A4BF-C7CD4FDD659D}.Debug|x64.ActiveCfg = Debug|Any CPU
		{4C346634-8EDD-4BAC-A4BF-C7CD4FDD659D}.Debug|x64.Build.0 = Debug|Any CPU
		{4C346634-8EDD-4BAC-A4BF-C7CD4FDD659D}.Debug|x86.ActiveCfg = Debug|Any CPU
		{4C346634-8EDD-4BAC-A4BF-C7CD4FDD659D}.Debug|x86.Build.0 = Debug|Any CPU
		{4C346634-8EDD-4BAC-A4BF-C7CD4FDD659D}.Release|Any CPU.ActiveCfg = Release|Any CPU
		{4C346634-8EDD-4BAC-A4BF-C7CD4FDD659D}.Release|Any CPU.Build.0 = Release|Any CPU
		{4C346634-8EDD-4BAC-A4BF-C7CD4FDD659D}.Release|x64.ActiveCfg = Release|Any CPU
		{4C346634-8EDD-4BAC-A4BF-C7CD4FDD659D}.Release|x64.Build.0 = Release|Any CPU
		{4C346634-8EDD-4BAC-A4BF-C7CD4FDD659D}.Release|x86.ActiveCfg = Release|Any CPU
		{4C346634-8EDD-4BAC-A4BF-C7CD4FDD659D}.Release|x86.Build.0 = Release|Any CPU
		{B9BD76A4-0D78-4E57-AD3B-D58090FA9BAB}.Debug|Any CPU.ActiveCfg = Debug|Any CPU
		{B9BD76A4-0D78-4E57-AD3B-D58090FA9BAB}.Debug|Any CPU.Build.0 = Debug|Any CPU
		{B9BD76A4-0D78-4E57-AD3B-D58090FA9BAB}.Debug|x64.ActiveCfg = Debug|Any CPU
		{B9BD76A4-0D78-4E57-AD3B-D58090FA9BAB}.Debug|x64.Build.0 = Debug|Any CPU
		{B9BD76A4-0D78-4E57-AD3B-D58090FA9BAB}.Debug|x86.ActiveCfg = Debug|Any CPU
		{B9BD76A4-0D78-4E57-AD3B-D58090FA9BAB}.Debug|x86.Build.0 = Debug|Any CPU
		{B9BD76A4-0D78-4E57-AD3B-D58090FA9BAB}.Release|Any CPU.ActiveCfg = Release|Any CPU
		{B9BD76A4-0D78-4E57-AD3B-D58090FA9BAB}.Release|Any CPU.Build.0 = Release|Any CPU
		{B9BD76A4-0D78-4E57-AD3B-D58090FA9BAB}.Release|x64.ActiveCfg = Release|Any CPU
		{B9BD76A4-0D78-4E57-AD3B-D58090FA9BAB}.Release|x64.Build.0 = Release|Any CPU
		{B9BD76A4-0D78-4E57-AD3B-D58090FA9BAB}.Release|x86.ActiveCfg = Release|Any CPU
		{B9BD76A4-0D78-4E57-AD3B-D58090FA9BAB}.Release|x86.Build.0 = Release|Any CPU
		{C4CA0F8D-31F3-4263-8B6D-26264937C544}.Debug|Any CPU.ActiveCfg = Debug|Any CPU
		{C4CA0F8D-31F3-4263-8B6D-26264937C544}.Debug|Any CPU.Build.0 = Debug|Any CPU
		{C4CA0F8D-31F3-4263-8B6D-26264937C544}.Debug|x64.ActiveCfg = Debug|Any CPU
		{C4CA0F8D-31F3-4263-8B6D-26264937C544}.Debug|x64.Build.0 = Debug|Any CPU
		{C4CA0F8D-31F3-4263-8B6D-26264937C544}.Debug|x86.ActiveCfg = Debug|Any CPU
		{C4CA0F8D-31F3-4263-8B6D-26264937C544}.Debug|x86.Build.0 = Debug|Any CPU
		{C4CA0F8D-31F3-4263-8B6D-26264937C544}.Release|Any CPU.ActiveCfg = Release|Any CPU
		{C4CA0F8D-31F3-4263-8B6D-26264937C544}.Release|Any CPU.Build.0 = Release|Any CPU
		{C4CA0F8D-31F3-4263-8B6D-26264937C544}.Release|x64.ActiveCfg = Release|Any CPU
		{C4CA0F8D-31F3-4263-8B6D-26264937C544}.Release|x64.Build.0 = Release|Any CPU
		{C4CA0F8D-31F3-4263-8B6D-26264937C544}.Release|x86.ActiveCfg = Release|Any CPU
		{C4CA0F8D-31F3-4263-8B6D-26264937C544}.Release|x86.Build.0 = Release|Any CPU
		{71B5F233-42FA-4C05-B391-1BFF91A57C2E}.Debug|Any CPU.ActiveCfg = Debug|Any CPU
		{71B5F233-42FA-4C05-B391-1BFF91A57C2E}.Debug|Any CPU.Build.0 = Debug|Any CPU
		{71B5F233-42FA-4C05-B391-1BFF91A57C2E}.Debug|x64.ActiveCfg = Debug|Any CPU
		{71B5F233-42FA-4C05-B391-1BFF91A57C2E}.Debug|x64.Build.0 = Debug|Any CPU
		{71B5F233-42FA-4C05-B391-1BFF91A57C2E}.Debug|x86.ActiveCfg = Debug|Any CPU
		{71B5F233-42FA-4C05-B391-1BFF91A57C2E}.Debug|x86.Build.0 = Debug|Any CPU
		{71B5F233-42FA-4C05-B391-1BFF91A57C2E}.Release|Any CPU.ActiveCfg = Release|Any CPU
		{71B5F233-42FA-4C05-B391-1BFF91A57C2E}.Release|Any CPU.Build.0 = Release|Any CPU
		{71B5F233-42FA-4C05-B391-1BFF91A57C2E}.Release|x64.ActiveCfg = Release|Any CPU
		{71B5F233-42FA-4C05-B391-1BFF91A57C2E}.Release|x64.Build.0 = Release|Any CPU
		{71B5F233-42FA-4C05-B391-1BFF91A57C2E}.Release|x86.ActiveCfg = Release|Any CPU
		{71B5F233-42FA-4C05-B391-1BFF91A57C2E}.Release|x86.Build.0 = Release|Any CPU
		{71DD3103-EC9C-4919-8DD4-E3272AE773E6}.Debug|Any CPU.ActiveCfg = Debug|Any CPU
		{71DD3103-EC9C-4919-8DD4-E3272AE773E6}.Debug|Any CPU.Build.0 = Debug|Any CPU
		{71DD3103-EC9C-4919-8DD4-E3272AE773E6}.Debug|x64.ActiveCfg = Debug|Any CPU
		{71DD3103-EC9C-4919-8DD4-E3272AE773E6}.Debug|x64.Build.0 = Debug|Any CPU
		{71DD3103-EC9C-4919-8DD4-E3272AE773E6}.Debug|x86.ActiveCfg = Debug|Any CPU
		{71DD3103-EC9C-4919-8DD4-E3272AE773E6}.Debug|x86.Build.0 = Debug|Any CPU
		{71DD3103-EC9C-4919-8DD4-E3272AE773E6}.Release|Any CPU.ActiveCfg = Release|Any CPU
		{71DD3103-EC9C-4919-8DD4-E3272AE773E6}.Release|Any CPU.Build.0 = Release|Any CPU
		{71DD3103-EC9C-4919-8DD4-E3272AE773E6}.Release|x64.ActiveCfg = Release|Any CPU
		{71DD3103-EC9C-4919-8DD4-E3272AE773E6}.Release|x64.Build.0 = Release|Any CPU
		{71DD3103-EC9C-4919-8DD4-E3272AE773E6}.Release|x86.ActiveCfg = Release|Any CPU
		{71DD3103-EC9C-4919-8DD4-E3272AE773E6}.Release|x86.Build.0 = Release|Any CPU
		{1AC0C091-927B-4121-9FAD-81058DDB9E0C}.Debug|Any CPU.ActiveCfg = Debug|Any CPU
		{1AC0C091-927B-4121-9FAD-81058DDB9E0C}.Debug|Any CPU.Build.0 = Debug|Any CPU
		{1AC0C091-927B-4121-9FAD-81058DDB9E0C}.Debug|x64.ActiveCfg = Debug|Any CPU
		{1AC0C091-927B-4121-9FAD-81058DDB9E0C}.Debug|x64.Build.0 = Debug|Any CPU
		{1AC0C091-927B-4121-9FAD-81058DDB9E0C}.Debug|x86.ActiveCfg = Debug|Any CPU
		{1AC0C091-927B-4121-9FAD-81058DDB9E0C}.Debug|x86.Build.0 = Debug|Any CPU
		{1AC0C091-927B-4121-9FAD-81058DDB9E0C}.Release|Any CPU.ActiveCfg = Release|Any CPU
		{1AC0C091-927B-4121-9FAD-81058DDB9E0C}.Release|Any CPU.Build.0 = Release|Any CPU
		{1AC0C091-927B-4121-9FAD-81058DDB9E0C}.Release|x64.ActiveCfg = Release|Any CPU
		{1AC0C091-927B-4121-9FAD-81058DDB9E0C}.Release|x64.Build.0 = Release|Any CPU
		{1AC0C091-927B-4121-9FAD-81058DDB9E0C}.Release|x86.ActiveCfg = Release|Any CPU
		{1AC0C091-927B-4121-9FAD-81058DDB9E0C}.Release|x86.Build.0 = Release|Any CPU
		{AC669175-F849-4677-8D75-A4A6BCEAB4A6}.Debug|Any CPU.ActiveCfg = Debug|Any CPU
		{AC669175-F849-4677-8D75-A4A6BCEAB4A6}.Debug|Any CPU.Build.0 = Debug|Any CPU
		{AC669175-F849-4677-8D75-A4A6BCEAB4A6}.Debug|x64.ActiveCfg = Debug|Any CPU
		{AC669175-F849-4677-8D75-A4A6BCEAB4A6}.Debug|x64.Build.0 = Debug|Any CPU
		{AC669175-F849-4677-8D75-A4A6BCEAB4A6}.Debug|x86.ActiveCfg = Debug|Any CPU
		{AC669175-F849-4677-8D75-A4A6BCEAB4A6}.Debug|x86.Build.0 = Debug|Any CPU
		{AC669175-F849-4677-8D75-A4A6BCEAB4A6}.Release|Any CPU.ActiveCfg = Release|Any CPU
		{AC669175-F849-4677-8D75-A4A6BCEAB4A6}.Release|Any CPU.Build.0 = Release|Any CPU
		{AC669175-F849-4677-8D75-A4A6BCEAB4A6}.Release|x64.ActiveCfg = Release|Any CPU
		{AC669175-F849-4677-8D75-A4A6BCEAB4A6}.Release|x64.Build.0 = Release|Any CPU
		{AC669175-F849-4677-8D75-A4A6BCEAB4A6}.Release|x86.ActiveCfg = Release|Any CPU
		{AC669175-F849-4677-8D75-A4A6BCEAB4A6}.Release|x86.Build.0 = Release|Any CPU
		{96CB61E6-38D2-4B8D-B79F-BDE0B6735D57}.Debug|Any CPU.ActiveCfg = Debug|Any CPU
		{96CB61E6-38D2-4B8D-B79F-BDE0B6735D57}.Debug|Any CPU.Build.0 = Debug|Any CPU
		{96CB61E6-38D2-4B8D-B79F-BDE0B6735D57}.Debug|x64.ActiveCfg = Debug|Any CPU
		{96CB61E6-38D2-4B8D-B79F-BDE0B6735D57}.Debug|x64.Build.0 = Debug|Any CPU
		{96CB61E6-38D2-4B8D-B79F-BDE0B6735D57}.Debug|x86.ActiveCfg = Debug|Any CPU
		{96CB61E6-38D2-4B8D-B79F-BDE0B6735D57}.Debug|x86.Build.0 = Debug|Any CPU
		{96CB61E6-38D2-4B8D-B79F-BDE0B6735D57}.Release|Any CPU.ActiveCfg = Release|Any CPU
		{96CB61E6-38D2-4B8D-B79F-BDE0B6735D57}.Release|Any CPU.Build.0 = Release|Any CPU
		{96CB61E6-38D2-4B8D-B79F-BDE0B6735D57}.Release|x64.ActiveCfg = Release|Any CPU
		{96CB61E6-38D2-4B8D-B79F-BDE0B6735D57}.Release|x64.Build.0 = Release|Any CPU
		{96CB61E6-38D2-4B8D-B79F-BDE0B6735D57}.Release|x86.ActiveCfg = Release|Any CPU
		{96CB61E6-38D2-4B8D-B79F-BDE0B6735D57}.Release|x86.Build.0 = Release|Any CPU
	EndGlobalSection
	GlobalSection(SolutionProperties) = preSolution
		HideSolutionNode = FALSE
	EndGlobalSection
	GlobalSection(NestedProjects) = preSolution
		{71DD3103-EC9C-4919-8DD4-E3272AE773E6} = {0AB3BF05-4346-4AA6-1389-037BE0695223}
		{1AC0C091-927B-4121-9FAD-81058DDB9E0C} = {0AB3BF05-4346-4AA6-1389-037BE0695223}
		{AC669175-F849-4677-8D75-A4A6BCEAB4A6} = {0AB3BF05-4346-4AA6-1389-037BE0695223}
		{96CB61E6-38D2-4B8D-B79F-BDE0B6735D57} = {0AB3BF05-4346-4AA6-1389-037BE0695223}
	EndGlobalSection
EndGlobal
